
Microsoft Visual Studio Solution File, Format Version 12.00
# Visual Studio Version 17
VisualStudioVersion = 17.5.002.0
MinimumVisualStudioVersion = 10.0.40219.1
Project("{2150E333-8FDC-42A3-9474-1A3956D46DE8}") = "backend-pros", "backend-pros", "{8BEF323B-4B73-4F43-A22F-506E6F1584D8}"
EndProject
Project("{9A19103F-16F7-4668-BE54-9A1E7A4F7556}") = "BikeStores", "backend-pros\BikeStores\BikeStores.csproj", "{400A4377-39BB-449C-8DD8-0530E0A2BCCB}"
EndProject
Project("{9A19103F-16F7-4668-BE54-9A1E7A4F7556}") = "BikeStores.API", "backend-pros\BikeStores.API\BikeStores.API.csproj", "{A31A0A56-BB10-4BB1-8993-EB0A51720B09}"
EndProject
Global
	GlobalSection(SolutionConfigurationPlatforms) = preSolution
		Debug|Any CPU = Debug|Any CPU
		Release|Any CPU = Release|Any CPU
	EndGlobalSection
	GlobalSection(ProjectConfigurationPlatforms) = postSolution
		{400A4377-39BB-449C-8DD8-0530E0A2BCCB}.Debug|Any CPU.ActiveCfg = Debug|Any CPU
		{400A4377-39BB-449C-8DD8-0530E0A2BCCB}.Debug|Any CPU.Build.0 = Debug|Any CPU
		{400A4377-39BB-449C-8DD8-0530E0A2BCCB}.Release|Any CPU.ActiveCfg = Release|Any CPU
		{400A4377-39BB-449C-8DD8-0530E0A2BCCB}.Release|Any CPU.Build.0 = Release|Any CPU
		{A31A0A56-BB10-4BB1-8993-EB0A51720B09}.Debug|Any CPU.ActiveCfg = Debug|Any CPU
		{A31A0A56-BB10-4BB1-8993-EB0A51720B09}.Debug|Any CPU.Build.0 = Debug|Any CPU
		{A31A0A56-BB10-4BB1-8993-EB0A51720B09}.Release|Any CPU.ActiveCfg = Release|Any CPU
		{A31A0A56-BB10-4BB1-8993-EB0A51720B09}.Release|Any CPU.Build.0 = Release|Any CPU
	EndGlobalSection
	GlobalSection(SolutionProperties) = preSolution
		HideSolutionNode = FALSE
	EndGlobalSection
	GlobalSection(NestedProjects) = preSolution
		{400A4377-39BB-449C-8DD8-0530E0A2BCCB} = {8BEF323B-4B73-4F43-A22F-506E6F1584D8}
		{A31A0A56-BB10-4BB1-8993-EB0A51720B09} = {8BEF323B-4B73-4F43-A22F-506E6F1584D8}
	EndGlobalSection
	GlobalSection(ExtensibilityGlobals) = postSolution
		SolutionGuid = {82C29A2C-8C55-419C-A3C7-DD80E21FED5B}
	EndGlobalSection
EndGlobal
