
Microsoft Visual Studio Solution File, Format Version 12.00
# Visual Studio Version 17
VisualStudioVersion = 17.0.31903.59
MinimumVisualStudioVersion = 10.0.40219.1
Project("{FAE04EC0-301F-11D3-BF4B-00C04F79EFBC}") = "Auth.API", "Auth.API\Auth.API.csproj", "{4FAB9172-F9D4-4B7C-A9AC-CAADED625869}"
EndProject
Project("{FAE04EC0-301F-11D3-BF4B-00C04F79EFBC}") = "Contracts", "Contracts\Contracts.csproj", "{8264E63A-E027-4E92-A2ED-E8509698D14E}"
EndProject
Project("{FAE04EC0-301F-11D3-BF4B-00C04F79EFBC}") = "LoggerService", "LoggerService\LoggerService.csproj", "{8F24AB70-1E2D-42F9-B9DF-26FFAC108969}"
EndProject
Project("{FAE04EC0-301F-11D3-BF4B-00C04F79EFBC}") = "Presentation", "Presentation\Presentation.csproj", "{E2F9AC44-A12B-455F-BD5E-233AFCA2EFE6}"
EndProject
Project("{FAE04EC0-301F-11D3-BF4B-00C04F79EFBC}") = "Service.Contracts", "Service.Contracts\Service.Contracts.csproj", "{5D7DEF55-F0EC-4994-B526-0AC368466F1F}"
EndProject
Project("{FAE04EC0-301F-11D3-BF4B-00C04F79EFBC}") = "Service", "Service\Service.csproj", "{CF9DE330-357A-4497-96D8-8A06271C753B}"
EndProject
Project("{FAE04EC0-301F-11D3-BF4B-00C04F79EFBC}") = "Entities", "Entities\Entities.csproj", "{1C557551-DE3C-47EA-AED0-5A226126E998}"
EndProject
Project("{FAE04EC0-301F-11D3-BF4B-00C04F79EFBC}") = "Shared", "Shared\Shared.csproj", "{E6D52E3F-9088-4399-855A-17DFFEBBB872}"
EndProject
Project("{FAE04EC0-301F-11D3-BF4B-00C04F79EFBC}") = "Repository", "Repository\Repository.csproj", "{780ED093-2EB5-488F-A9D0-910D62D82FA4}"
EndProject
Global
	GlobalSection(SolutionConfigurationPlatforms) = preSolution
		Debug|Any CPU = Debug|Any CPU
		Release|Any CPU = Release|Any CPU
	EndGlobalSection
	GlobalSection(ProjectConfigurationPlatforms) = postSolution
		{4FAB9172-F9D4-4B7C-A9AC-CAADED625869}.Debug|Any CPU.ActiveCfg = Debug|Any CPU
		{4FAB9172-F9D4-4B7C-A9AC-CAADED625869}.Debug|Any CPU.Build.0 = Debug|Any CPU
		{4FAB9172-F9D4-4B7C-A9AC-CAADED625869}.Release|Any CPU.ActiveCfg = Release|Any CPU
		{4FAB9172-F9D4-4B7C-A9AC-CAADED625869}.Release|Any CPU.Build.0 = Release|Any CPU
		{8264E63A-E027-4E92-A2ED-E8509698D14E}.Debug|Any CPU.ActiveCfg = Debug|Any CPU
		{8264E63A-E027-4E92-A2ED-E8509698D14E}.Debug|Any CPU.Build.0 = Debug|Any CPU
		{8264E63A-E027-4E92-A2ED-E8509698D14E}.Release|Any CPU.ActiveCfg = Release|Any CPU
		{8264E63A-E027-4E92-A2ED-E8509698D14E}.Release|Any CPU.Build.0 = Release|Any CPU
		{8F24AB70-1E2D-42F9-B9DF-26FFAC108969}.Debug|Any CPU.ActiveCfg = Debug|Any CPU
		{8F24AB70-1E2D-42F9-B9DF-26FFAC108969}.Debug|Any CPU.Build.0 = Debug|Any CPU
		{8F24AB70-1E2D-42F9-B9DF-26FFAC108969}.Release|Any CPU.ActiveCfg = Release|Any CPU
		{8F24AB70-1E2D-42F9-B9DF-26FFAC108969}.Release|Any CPU.Build.0 = Release|Any CPU
		{E2F9AC44-A12B-455F-BD5E-233AFCA2EFE6}.Debug|Any CPU.ActiveCfg = Debug|Any CPU
		{E2F9AC44-A12B-455F-BD5E-233AFCA2EFE6}.Debug|Any CPU.Build.0 = Debug|Any CPU
		{E2F9AC44-A12B-455F-BD5E-233AFCA2EFE6}.Release|Any CPU.ActiveCfg = Release|Any CPU
		{E2F9AC44-A12B-455F-BD5E-233AFCA2EFE6}.Release|Any CPU.Build.0 = Release|Any CPU
		{5D7DEF55-F0EC-4994-B526-0AC368466F1F}.Debug|Any CPU.ActiveCfg = Debug|Any CPU
		{5D7DEF55-F0EC-4994-B526-0AC368466F1F}.Debug|Any CPU.Build.0 = Debug|Any CPU
		{5D7DEF55-F0EC-4994-B526-0AC368466F1F}.Release|Any CPU.ActiveCfg = Release|Any CPU
		{5D7DEF55-F0EC-4994-B526-0AC368466F1F}.Release|Any CPU.Build.0 = Release|Any CPU
		{CF9DE330-357A-4497-96D8-8A06271C753B}.Debug|Any CPU.ActiveCfg = Debug|Any CPU
		{CF9DE330-357A-4497-96D8-8A06271C753B}.Debug|Any CPU.Build.0 = Debug|Any CPU
		{CF9DE330-357A-4497-96D8-8A06271C753B}.Release|Any CPU.ActiveCfg = Release|Any CPU
		{CF9DE330-357A-4497-96D8-8A06271C753B}.Release|Any CPU.Build.0 = Release|Any CPU
		{1C557551-DE3C-47EA-AED0-5A226126E998}.Debug|Any CPU.ActiveCfg = Debug|Any CPU
		{1C557551-DE3C-47EA-AED0-5A226126E998}.Debug|Any CPU.Build.0 = Debug|Any CPU
		{1C557551-DE3C-47EA-AED0-5A226126E998}.Release|Any CPU.ActiveCfg = Release|Any CPU
		{1C557551-DE3C-47EA-AED0-5A226126E998}.Release|Any CPU.Build.0 = Release|Any CPU
		{E6D52E3F-9088-4399-855A-17DFFEBBB872}.Debug|Any CPU.ActiveCfg = Debug|Any CPU
		{E6D52E3F-9088-4399-855A-17DFFEBBB872}.Debug|Any CPU.Build.0 = Debug|Any CPU
		{E6D52E3F-9088-4399-855A-17DFFEBBB872}.Release|Any CPU.ActiveCfg = Release|Any CPU
		{E6D52E3F-9088-4399-855A-17DFFEBBB872}.Release|Any CPU.Build.0 = Release|Any CPU
		{780ED093-2EB5-488F-A9D0-910D62D82FA4}.Debug|Any CPU.ActiveCfg = Debug|Any CPU
		{780ED093-2EB5-488F-A9D0-910D62D82FA4}.Debug|Any CPU.Build.0 = Debug|Any CPU
		{780ED093-2EB5-488F-A9D0-910D62D82FA4}.Release|Any CPU.ActiveCfg = Release|Any CPU
		{780ED093-2EB5-488F-A9D0-910D62D82FA4}.Release|Any CPU.Build.0 = Release|Any CPU
	EndGlobalSection
	GlobalSection(SolutionProperties) = preSolution
		HideSolutionNode = FALSE
	EndGlobalSection
EndGlobal
