Microsoft Visual Studio Solution File, Format Version 12.00
# Visual Studio Version 17
VisualStudioVersion = 17.5.2.0
MinimumVisualStudioVersion = 10.0.40219.1
Project("{FAE04EC0-301F-11D3-BF4B-00C04F79EFBC}") = "LinQMax", "LinQMax.csproj", "{B286074D-F0C2-9DBA-2A45-F367867D0A75}"
EndProject
Global
	GlobalSection(SolutionConfigurationPlatforms) = preSolution
		Debug|Any CPU = Debug|Any CPU
		Release|Any CPU = Release|Any CPU
	EndGlobalSection
	GlobalSection(ProjectConfigurationPlatforms) = postSolution
		{B286074D-F0C2-9DBA-2A45-F367867D0A75}.Debug|Any CPU.ActiveCfg = Debug|Any CPU
		{B286074D-F0C2-9DBA-2A45-F367867D0A75}.Debug|Any CPU.Build.0 = Debug|Any CPU
		{B286074D-F0C2-9DBA-2A45-F367867D0A75}.Release|Any CPU.ActiveCfg = Release|Any CPU
		{B286074D-F0C2-9DBA-2A45-F367867D0A75}.Release|Any CPU.Build.0 = Release|Any CPU
	EndGlobalSection
	GlobalSection(SolutionProperties) = preSolution
		HideSolutionNode = FALSE
	EndGlobalSection
	GlobalSection(ExtensibilityGlobals) = postSolution
		SolutionGuid = {276EB4B6-6084-492E-89B2-94A1A2F9F042}
	EndGlobalSection
EndGlobal
