Microsoft Visual Studio Solution File, Format Version 12.00
# Visual Studio Version 17
VisualStudioVersion = 17.5.2.0
MinimumVisualStudioVersion = 10.0.40219.1
Project("{FAE04EC0-301F-11D3-BF4B-00C04F79EFBC}") = "DbXplorer", "DbXplorer.csproj", "{94996A2E-F6A1-3D5A-4DE8-774C821FB96F}"
EndProject
Global
	GlobalSection(SolutionConfigurationPlatforms) = preSolution
		Debug|Any CPU = Debug|Any CPU
		Release|Any CPU = Release|Any CPU
	EndGlobalSection
	GlobalSection(ProjectConfigurationPlatforms) = postSolution
		{94996A2E-F6A1-3D5A-4DE8-774C821FB96F}.Debug|Any CPU.ActiveCfg = Debug|Any CPU
		{94996A2E-F6A1-3D5A-4DE8-774C821FB96F}.Debug|Any CPU.Build.0 = Debug|Any CPU
		{94996A2E-F6A1-3D5A-4DE8-774C821FB96F}.Release|Any CPU.ActiveCfg = Release|Any CPU
		{94996A2E-F6A1-3D5A-4DE8-774C821FB96F}.Release|Any CPU.Build.0 = Release|Any CPU
	EndGlobalSection
	GlobalSection(SolutionProperties) = preSolution
		HideSolutionNode = FALSE
	EndGlobalSection
	GlobalSection(ExtensibilityGlobals) = postSolution
		SolutionGuid = {9670ECB8-BCB9-4762-B037-84953B6281C9}
	EndGlobalSection
EndGlobal
